
Microsoft Visual Studio Solution File, Format Version 12.00
# Visual Studio Version 16
VisualStudioVersion = 16.0.31019.35
MinimumVisualStudioVersion = 10.0.40219.1
Project("{FAE04EC0-301F-11D3-BF4B-00C04F79EFBC}") = "lab6.1.3_Novak_prp", "lab6.1.3_Novak_prp.csproj", "{CC26FB00-FAD9-4704-9639-B657C234A1FC}"
EndProject
Global
	GlobalSection(SolutionConfigurationPlatforms) = preSolution
		Debug|Any CPU = Debug|Any CPU
		Release|Any CPU = Release|Any CPU
	EndGlobalSection
	GlobalSection(ProjectConfigurationPlatforms) = postSolution
		{CC26FB00-FAD9-4704-9639-B657C234A1FC}.Debug|Any CPU.ActiveCfg = Debug|Any CPU
		{CC26FB00-FAD9-4704-9639-B657C234A1FC}.Debug|Any CPU.Build.0 = Debug|Any CPU
		{CC26FB00-FAD9-4704-9639-B657C234A1FC}.Release|Any CPU.ActiveCfg = Release|Any CPU
		{CC26FB00-FAD9-4704-9639-B657C234A1FC}.Release|Any CPU.Build.0 = Release|Any CPU
	EndGlobalSection
	GlobalSection(SolutionProperties) = preSolution
		HideSolutionNode = FALSE
	EndGlobalSection
	GlobalSection(ExtensibilityGlobals) = postSolution
		SolutionGuid = {63EAE48A-C757-4F52-8109-D362C65DB99B}
	EndGlobalSection
EndGlobal
