
Microsoft Visual Studio Solution File, Format Version 12.00
# Visual Studio Version 16
VisualStudioVersion = 16.0.31019.35
MinimumVisualStudioVersion = 10.0.40219.1
Project("{FAE04EC0-301F-11D3-BF4B-00C04F79EFBC}") = "lab7.2(Використання_символьного_потоку)_Novak_prp", "lab7.2(Використання_символьного_потоку)_Novak_prp.csproj", "{B351159B-DCD7-4BCE-9D65-4F142662526F}"
EndProject
Global
	GlobalSection(SolutionConfigurationPlatforms) = preSolution
		Debug|Any CPU = Debug|Any CPU
		Release|Any CPU = Release|Any CPU
	EndGlobalSection
	GlobalSection(ProjectConfigurationPlatforms) = postSolution
		{B351159B-DCD7-4BCE-9D65-4F142662526F}.Debug|Any CPU.ActiveCfg = Debug|Any CPU
		{B351159B-DCD7-4BCE-9D65-4F142662526F}.Debug|Any CPU.Build.0 = Debug|Any CPU
		{B351159B-DCD7-4BCE-9D65-4F142662526F}.Release|Any CPU.ActiveCfg = Release|Any CPU
		{B351159B-DCD7-4BCE-9D65-4F142662526F}.Release|Any CPU.Build.0 = Release|Any CPU
	EndGlobalSection
	GlobalSection(SolutionProperties) = preSolution
		HideSolutionNode = FALSE
	EndGlobalSection
	GlobalSection(ExtensibilityGlobals) = postSolution
		SolutionGuid = {828AF230-3F43-4CFB-BC58-2320798F31C3}
	EndGlobalSection
EndGlobal
