
Microsoft Visual Studio Solution File, Format Version 12.00
# Visual Studio Version 16
VisualStudioVersion = 16.0.31019.35
MinimumVisualStudioVersion = 10.0.40219.1
Project("{FAE04EC0-301F-11D3-BF4B-00C04F79EFBC}") = "lab11_Novak_prp", "lab11_Novak_prp.csproj", "{42673A1B-06F9-4185-A08A-C869BECCAD31}"
EndProject
Global
	GlobalSection(SolutionConfigurationPlatforms) = preSolution
		Debug|Any CPU = Debug|Any CPU
		Release|Any CPU = Release|Any CPU
	EndGlobalSection
	GlobalSection(ProjectConfigurationPlatforms) = postSolution
		{42673A1B-06F9-4185-A08A-C869BECCAD31}.Debug|Any CPU.ActiveCfg = Debug|Any CPU
		{42673A1B-06F9-4185-A08A-C869BECCAD31}.Debug|Any CPU.Build.0 = Debug|Any CPU
		{42673A1B-06F9-4185-A08A-C869BECCAD31}.Release|Any CPU.ActiveCfg = Release|Any CPU
		{42673A1B-06F9-4185-A08A-C869BECCAD31}.Release|Any CPU.Build.0 = Release|Any CPU
	EndGlobalSection
	GlobalSection(SolutionProperties) = preSolution
		HideSolutionNode = FALSE
	EndGlobalSection
	GlobalSection(ExtensibilityGlobals) = postSolution
		SolutionGuid = {B98DDBC0-E0C0-4F72-B9EB-75991F35FBE4}
	EndGlobalSection
EndGlobal
