
Microsoft Visual Studio Solution File, Format Version 12.00
# Visual Studio Version 16
VisualStudioVersion = 16.0.31019.35
MinimumVisualStudioVersion = 10.0.40219.1
Project("{FAE04EC0-301F-11D3-BF4B-00C04F79EFBC}") = "lab10.1-4_Novak_prp", "lab10.1-4_Novak_prp.csproj", "{3BE41979-64A1-4F9C-B5A5-4D4C49332637}"
EndProject
Global
	GlobalSection(SolutionConfigurationPlatforms) = preSolution
		Debug|Any CPU = Debug|Any CPU
		Release|Any CPU = Release|Any CPU
	EndGlobalSection
	GlobalSection(ProjectConfigurationPlatforms) = postSolution
		{3BE41979-64A1-4F9C-B5A5-4D4C49332637}.Debug|Any CPU.ActiveCfg = Debug|Any CPU
		{3BE41979-64A1-4F9C-B5A5-4D4C49332637}.Debug|Any CPU.Build.0 = Debug|Any CPU
		{3BE41979-64A1-4F9C-B5A5-4D4C49332637}.Release|Any CPU.ActiveCfg = Release|Any CPU
		{3BE41979-64A1-4F9C-B5A5-4D4C49332637}.Release|Any CPU.Build.0 = Release|Any CPU
	EndGlobalSection
	GlobalSection(SolutionProperties) = preSolution
		HideSolutionNode = FALSE
	EndGlobalSection
	GlobalSection(ExtensibilityGlobals) = postSolution
		SolutionGuid = {0DD42F62-3FA0-4CED-B658-D2089C1BE97F}
	EndGlobalSection
EndGlobal
